
Microsoft Visual Studio Solution File, Format Version 12.00
# Visual Studio Version 16
VisualStudioVersion = 16.0.34031.81
MinimumVisualStudioVersion = 10.0.40219.1
Project("{2150E333-8FDC-42A3-9474-1A3956D46DE8}") = "Task0", "Task0", "{CE8771A7-54C2-4B92-9560-018FAD7A7302}"
EndProject
Project("{FAE04EC0-301F-11D3-BF4B-00C04F79EFBC}") = "Tyuiu.PolyanskiyDE.Sprint0.Task0.V0", "Tyuiu.PolyanskiyDE.Sprint0.Task0.V0\Tyuiu.PolyanskiyDE.Sprint0.Task0.V0.csproj", "{0052DB32-ED2B-4DA8-BD17-310391796619}"
EndProject
Project("{2150E333-8FDC-42A3-9474-1A3956D46DE8}") = "Task1", "Task1", "{463F5E60-B53C-4CE0-AA36-395816B707C0}"
EndProject
Project("{FAE04EC0-301F-11D3-BF4B-00C04F79EFBC}") = "Tyuiu.PolyanskiyDE.Sprint0.Task1.V0", "Tyuiu.PolyanskiyDE.Sprint0.Task1.V0\Tyuiu.PolyanskiyDE.Sprint0.Task1.V0.csproj", "{DFBA9806-0BDF-4F6A-8E9A-16E92CB2A45F}"
EndProject
Project("{2150E333-8FDC-42A3-9474-1A3956D46DE8}") = "Task2", "Task2", "{4F2B6C63-E2CD-4462-B089-09FCFD1BF303}"
EndProject
Project("{FAE04EC0-301F-11D3-BF4B-00C04F79EFBC}") = "Tyuiu.PolyanskiyDE.Sprint0.Task2.V0", "Tyuiu.PolyanskiyDE.Sprint0.Task2.V0\Tyuiu.PolyanskiyDE.Sprint0.Task2.V0.csproj", "{F7EFCF93-1A93-428F-9CC2-20D34951A79A}"
EndProject
Project("{FAE04EC0-301F-11D3-BF4B-00C04F79EFBC}") = "Tyuiu.PolyanskiyDE.Sprint0.Task2.V0.Test", "Tyuiu.PolyanskiyDE.Sprint0.Task2.V0.Test\Tyuiu.PolyanskiyDE.Sprint0.Task2.V0.Test.csproj", "{01B7A7DB-A174-4B9A-937B-78B602A4F7DC}"
EndProject
Project("{FAE04EC0-301F-11D3-BF4B-00C04F79EFBC}") = "Tyuiu.PolyanskiyDE.Sprint0.Task2.V0.Lib", "Tyuiu.PolyanskiyDE.Sprint0.Task2.V0.Lib\Tyuiu.PolyanskiyDE.Sprint0.Task2.V0.Lib.csproj", "{977A8BE5-7F32-41A7-BDC9-A17C9A200A05}"
EndProject
Project("{2150E333-8FDC-42A3-9474-1A3956D46DE8}") = "Task3", "Task3", "{34DF0BF0-544C-43BC-99AC-882B14FE34CF}"
EndProject
Project("{FAE04EC0-301F-11D3-BF4B-00C04F79EFBC}") = "Tyuiu.PolyanskiyDE.Sprint0.Task3.V0", "Tyuiu.PolyanskiyDE.Sprint0.Task3.V0\Tyuiu.PolyanskiyDE.Sprint0.Task3.V0.csproj", "{0CA21EAC-C95D-475D-8A79-C263CDCE9AC3}"
EndProject
Project("{FAE04EC0-301F-11D3-BF4B-00C04F79EFBC}") = "Tyuiu.PolyanskiyDE.Sprint0.Task3.V0.Lib", "Tyuiu.PolyanskiyDE.Sprint0.Task3.V0.Lib\Tyuiu.PolyanskiyDE.Sprint0.Task3.V0.Lib.csproj", "{10AD39FA-402C-4EDB-A967-F932F776AF0E}"
EndProject
Project("{FAE04EC0-301F-11D3-BF4B-00C04F79EFBC}") = "Tyuiu.PolyanskiyDE.Sprint0.Task3.V0.Test", "Tyuiu.PolyanskiyDE.Sprint0.Task3.V0.Test\Tyuiu.PolyanskiyDE.Sprint0.Task3.V0.Test.csproj", "{8C63A20C-107E-4E6E-B2E2-C311D608D649}"
EndProject
Project("{2150E333-8FDC-42A3-9474-1A3956D46DE8}") = "Task4", "Task4", "{DE647017-0D18-4CB2-A766-24FA0233A224}"
EndProject
Project("{FAE04EC0-301F-11D3-BF4B-00C04F79EFBC}") = "Tyuiu.PolyanskiyDE.Sprint0.Task4.V0", "Tyuiu.PolyanskiyDE.Sprint0.Task4.V0\Tyuiu.PolyanskiyDE.Sprint0.Task4.V0.csproj", "{468E8AB7-4C45-48A7-AE86-EAB0BA96D7D5}"
EndProject
Project("{FAE04EC0-301F-11D3-BF4B-00C04F79EFBC}") = "Tyuiu.PolyanskiyDE.Sprint0.Task4.V0.Lib", "Tyuiu.PolyanskiyDE.Sprint0.Task4.V0.Lib\Tyuiu.PolyanskiyDE.Sprint0.Task4.V0.Lib.csproj", "{AC9D5B91-D653-4991-9210-A6B329A751D5}"
EndProject
Project("{FAE04EC0-301F-11D3-BF4B-00C04F79EFBC}") = "Tyuiu.PolyanskiyDE.Sprint0.Task4.V0.Test", "Tyuiu.PolyanskiyDE.Sprint0.Task4.V0.Test\Tyuiu.PolyanskiyDE.Sprint0.Task4.V0.Test.csproj", "{81DCF5A3-2087-4816-9A83-BC70DA0AA595}"
EndProject
Project("{2150E333-8FDC-42A3-9474-1A3956D46DE8}") = "Task5", "Task5", "{2C5C7373-1F30-43A2-830C-978669980EF5}"
EndProject
Project("{FAE04EC0-301F-11D3-BF4B-00C04F79EFBC}") = "Tyuiu.PolyanskiyDE.Sprint0.Task5.V0", "Tyuiu.PolyanskiyDE.Sprint0.Task5.V0\Tyuiu.PolyanskiyDE.Sprint0.Task5.V0.csproj", "{530F3E31-C20A-485C-B10F-37588D8BCD46}"
EndProject
Project("{FAE04EC0-301F-11D3-BF4B-00C04F79EFBC}") = "Tyuiu.PolyanskiyDE.Sprint0.Task5.V0.Lib", "Tyuiu.PolyanskiyDE.Sprint0.Task5.V0.Lib\Tyuiu.PolyanskiyDE.Sprint0.Task5.V0.Lib.csproj", "{3F728AF6-D46A-4B52-8E31-93DA96278818}"
EndProject
Project("{FAE04EC0-301F-11D3-BF4B-00C04F79EFBC}") = "Tyuiu.PolyanskiyDE.Sprint0.Task5.V0.Test", "Tyuiu.PolyanskiyDE.Sprint0.Task5.V0.Test\Tyuiu.PolyanskiyDE.Sprint0.Task5.V0.Test.csproj", "{96AF6EF9-155F-4C35-97EC-7CC68272714A}"
EndProject
Project("{2150E333-8FDC-42A3-9474-1A3956D46DE8}") = "Task6", "Task6", "{B628AB72-D76E-4D7B-8D60-1926FDC27122}"
EndProject
Project("{FAE04EC0-301F-11D3-BF4B-00C04F79EFBC}") = "Tyuiu.PolyanskiyDE.Sprint0.Task6.V0", "Tyuiu.PolyanskiyDE.Sprint0.Task6.V0\Tyuiu.PolyanskiyDE.Sprint0.Task6.V0.csproj", "{E2242978-9B77-4DC8-9301-B955F75E09D3}"
EndProject
Project("{FAE04EC0-301F-11D3-BF4B-00C04F79EFBC}") = "Tyuiu.PolyanskiyDE.Sprint0.Task6.V0.Lib", "Tyuiu.PolyanskiyDE.Sprint0.Task6.V0.Lib\Tyuiu.PolyanskiyDE.Sprint0.Task6.V0.Lib.csproj", "{EA6EFDB2-2E02-401C-92A9-5C7082F9EB0E}"
EndProject
Project("{FAE04EC0-301F-11D3-BF4B-00C04F79EFBC}") = "Tyuiu.PolyanskiyDE.Sprint0.Task6.V0.Test", "Tyuiu.PolyanskiyDE.Sprint0.Task6.V0.Test\Tyuiu.PolyanskiyDE.Sprint0.Task6.V0.Test.csproj", "{22ABE847-2763-454A-8859-A854CD60A3E6}"
EndProject
Global
	GlobalSection(SolutionConfigurationPlatforms) = preSolution
		Debug|Any CPU = Debug|Any CPU
		Release|Any CPU = Release|Any CPU
	EndGlobalSection
	GlobalSection(ProjectConfigurationPlatforms) = postSolution
		{0052DB32-ED2B-4DA8-BD17-310391796619}.Debug|Any CPU.ActiveCfg = Debug|Any CPU
		{0052DB32-ED2B-4DA8-BD17-310391796619}.Debug|Any CPU.Build.0 = Debug|Any CPU
		{0052DB32-ED2B-4DA8-BD17-310391796619}.Release|Any CPU.ActiveCfg = Release|Any CPU
		{0052DB32-ED2B-4DA8-BD17-310391796619}.Release|Any CPU.Build.0 = Release|Any CPU
		{DFBA9806-0BDF-4F6A-8E9A-16E92CB2A45F}.Debug|Any CPU.ActiveCfg = Debug|Any CPU
		{DFBA9806-0BDF-4F6A-8E9A-16E92CB2A45F}.Debug|Any CPU.Build.0 = Debug|Any CPU
		{DFBA9806-0BDF-4F6A-8E9A-16E92CB2A45F}.Release|Any CPU.ActiveCfg = Release|Any CPU
		{DFBA9806-0BDF-4F6A-8E9A-16E92CB2A45F}.Release|Any CPU.Build.0 = Release|Any CPU
		{F7EFCF93-1A93-428F-9CC2-20D34951A79A}.Debug|Any CPU.ActiveCfg = Debug|Any CPU
		{F7EFCF93-1A93-428F-9CC2-20D34951A79A}.Debug|Any CPU.Build.0 = Debug|Any CPU
		{F7EFCF93-1A93-428F-9CC2-20D34951A79A}.Release|Any CPU.ActiveCfg = Release|Any CPU
		{F7EFCF93-1A93-428F-9CC2-20D34951A79A}.Release|Any CPU.Build.0 = Release|Any CPU
		{01B7A7DB-A174-4B9A-937B-78B602A4F7DC}.Debug|Any CPU.ActiveCfg = Debug|Any CPU
		{01B7A7DB-A174-4B9A-937B-78B602A4F7DC}.Debug|Any CPU.Build.0 = Debug|Any CPU
		{01B7A7DB-A174-4B9A-937B-78B602A4F7DC}.Release|Any CPU.ActiveCfg = Release|Any CPU
		{01B7A7DB-A174-4B9A-937B-78B602A4F7DC}.Release|Any CPU.Build.0 = Release|Any CPU
		{977A8BE5-7F32-41A7-BDC9-A17C9A200A05}.Debug|Any CPU.ActiveCfg = Debug|Any CPU
		{977A8BE5-7F32-41A7-BDC9-A17C9A200A05}.Debug|Any CPU.Build.0 = Debug|Any CPU
		{977A8BE5-7F32-41A7-BDC9-A17C9A200A05}.Release|Any CPU.ActiveCfg = Release|Any CPU
		{977A8BE5-7F32-41A7-BDC9-A17C9A200A05}.Release|Any CPU.Build.0 = Release|Any CPU
		{0CA21EAC-C95D-475D-8A79-C263CDCE9AC3}.Debug|Any CPU.ActiveCfg = Debug|Any CPU
		{0CA21EAC-C95D-475D-8A79-C263CDCE9AC3}.Debug|Any CPU.Build.0 = Debug|Any CPU
		{0CA21EAC-C95D-475D-8A79-C263CDCE9AC3}.Release|Any CPU.ActiveCfg = Release|Any CPU
		{0CA21EAC-C95D-475D-8A79-C263CDCE9AC3}.Release|Any CPU.Build.0 = Release|Any CPU
		{10AD39FA-402C-4EDB-A967-F932F776AF0E}.Debug|Any CPU.ActiveCfg = Debug|Any CPU
		{10AD39FA-402C-4EDB-A967-F932F776AF0E}.Debug|Any CPU.Build.0 = Debug|Any CPU
		{10AD39FA-402C-4EDB-A967-F932F776AF0E}.Release|Any CPU.ActiveCfg = Release|Any CPU
		{10AD39FA-402C-4EDB-A967-F932F776AF0E}.Release|Any CPU.Build.0 = Release|Any CPU
		{8C63A20C-107E-4E6E-B2E2-C311D608D649}.Debug|Any CPU.ActiveCfg = Debug|Any CPU
		{8C63A20C-107E-4E6E-B2E2-C311D608D649}.Debug|Any CPU.Build.0 = Debug|Any CPU
		{8C63A20C-107E-4E6E-B2E2-C311D608D649}.Release|Any CPU.ActiveCfg = Release|Any CPU
		{8C63A20C-107E-4E6E-B2E2-C311D608D649}.Release|Any CPU.Build.0 = Release|Any CPU
		{468E8AB7-4C45-48A7-AE86-EAB0BA96D7D5}.Debug|Any CPU.ActiveCfg = Debug|Any CPU
		{468E8AB7-4C45-48A7-AE86-EAB0BA96D7D5}.Debug|Any CPU.Build.0 = Debug|Any CPU
		{468E8AB7-4C45-48A7-AE86-EAB0BA96D7D5}.Release|Any CPU.ActiveCfg = Release|Any CPU
		{468E8AB7-4C45-48A7-AE86-EAB0BA96D7D5}.Release|Any CPU.Build.0 = Release|Any CPU
		{AC9D5B91-D653-4991-9210-A6B329A751D5}.Debug|Any CPU.ActiveCfg = Debug|Any CPU
		{AC9D5B91-D653-4991-9210-A6B329A751D5}.Debug|Any CPU.Build.0 = Debug|Any CPU
		{AC9D5B91-D653-4991-9210-A6B329A751D5}.Release|Any CPU.ActiveCfg = Release|Any CPU
		{AC9D5B91-D653-4991-9210-A6B329A751D5}.Release|Any CPU.Build.0 = Release|Any CPU
		{81DCF5A3-2087-4816-9A83-BC70DA0AA595}.Debug|Any CPU.ActiveCfg = Debug|Any CPU
		{81DCF5A3-2087-4816-9A83-BC70DA0AA595}.Debug|Any CPU.Build.0 = Debug|Any CPU
		{81DCF5A3-2087-4816-9A83-BC70DA0AA595}.Release|Any CPU.ActiveCfg = Release|Any CPU
		{81DCF5A3-2087-4816-9A83-BC70DA0AA595}.Release|Any CPU.Build.0 = Release|Any CPU
		{530F3E31-C20A-485C-B10F-37588D8BCD46}.Debug|Any CPU.ActiveCfg = Debug|Any CPU
		{530F3E31-C20A-485C-B10F-37588D8BCD46}.Debug|Any CPU.Build.0 = Debug|Any CPU
		{530F3E31-C20A-485C-B10F-37588D8BCD46}.Release|Any CPU.ActiveCfg = Release|Any CPU
		{530F3E31-C20A-485C-B10F-37588D8BCD46}.Release|Any CPU.Build.0 = Release|Any CPU
		{3F728AF6-D46A-4B52-8E31-93DA96278818}.Debug|Any CPU.ActiveCfg = Debug|Any CPU
		{3F728AF6-D46A-4B52-8E31-93DA96278818}.Debug|Any CPU.Build.0 = Debug|Any CPU
		{3F728AF6-D46A-4B52-8E31-93DA96278818}.Release|Any CPU.ActiveCfg = Release|Any CPU
		{3F728AF6-D46A-4B52-8E31-93DA96278818}.Release|Any CPU.Build.0 = Release|Any CPU
		{96AF6EF9-155F-4C35-97EC-7CC68272714A}.Debug|Any CPU.ActiveCfg = Debug|Any CPU
		{96AF6EF9-155F-4C35-97EC-7CC68272714A}.Debug|Any CPU.Build.0 = Debug|Any CPU
		{96AF6EF9-155F-4C35-97EC-7CC68272714A}.Release|Any CPU.ActiveCfg = Release|Any CPU
		{96AF6EF9-155F-4C35-97EC-7CC68272714A}.Release|Any CPU.Build.0 = Release|Any CPU
		{E2242978-9B77-4DC8-9301-B955F75E09D3}.Debug|Any CPU.ActiveCfg = Debug|Any CPU
		{E2242978-9B77-4DC8-9301-B955F75E09D3}.Debug|Any CPU.Build.0 = Debug|Any CPU
		{E2242978-9B77-4DC8-9301-B955F75E09D3}.Release|Any CPU.ActiveCfg = Release|Any CPU
		{E2242978-9B77-4DC8-9301-B955F75E09D3}.Release|Any CPU.Build.0 = Release|Any CPU
		{EA6EFDB2-2E02-401C-92A9-5C7082F9EB0E}.Debug|Any CPU.ActiveCfg = Debug|Any CPU
		{EA6EFDB2-2E02-401C-92A9-5C7082F9EB0E}.Debug|Any CPU.Build.0 = Debug|Any CPU
		{EA6EFDB2-2E02-401C-92A9-5C7082F9EB0E}.Release|Any CPU.ActiveCfg = Release|Any CPU
		{EA6EFDB2-2E02-401C-92A9-5C7082F9EB0E}.Release|Any CPU.Build.0 = Release|Any CPU
		{22ABE847-2763-454A-8859-A854CD60A3E6}.Debug|Any CPU.ActiveCfg = Debug|Any CPU
		{22ABE847-2763-454A-8859-A854CD60A3E6}.Debug|Any CPU.Build.0 = Debug|Any CPU
		{22ABE847-2763-454A-8859-A854CD60A3E6}.Release|Any CPU.ActiveCfg = Release|Any CPU
		{22ABE847-2763-454A-8859-A854CD60A3E6}.Release|Any CPU.Build.0 = Release|Any CPU
	EndGlobalSection
	GlobalSection(SolutionProperties) = preSolution
		HideSolutionNode = FALSE
	EndGlobalSection
	GlobalSection(NestedProjects) = preSolution
		{0052DB32-ED2B-4DA8-BD17-310391796619} = {CE8771A7-54C2-4B92-9560-018FAD7A7302}
		{DFBA9806-0BDF-4F6A-8E9A-16E92CB2A45F} = {463F5E60-B53C-4CE0-AA36-395816B707C0}
		{F7EFCF93-1A93-428F-9CC2-20D34951A79A} = {4F2B6C63-E2CD-4462-B089-09FCFD1BF303}
		{01B7A7DB-A174-4B9A-937B-78B602A4F7DC} = {4F2B6C63-E2CD-4462-B089-09FCFD1BF303}
		{977A8BE5-7F32-41A7-BDC9-A17C9A200A05} = {4F2B6C63-E2CD-4462-B089-09FCFD1BF303}
		{0CA21EAC-C95D-475D-8A79-C263CDCE9AC3} = {34DF0BF0-544C-43BC-99AC-882B14FE34CF}
		{10AD39FA-402C-4EDB-A967-F932F776AF0E} = {34DF0BF0-544C-43BC-99AC-882B14FE34CF}
		{8C63A20C-107E-4E6E-B2E2-C311D608D649} = {34DF0BF0-544C-43BC-99AC-882B14FE34CF}
		{468E8AB7-4C45-48A7-AE86-EAB0BA96D7D5} = {DE647017-0D18-4CB2-A766-24FA0233A224}
		{AC9D5B91-D653-4991-9210-A6B329A751D5} = {DE647017-0D18-4CB2-A766-24FA0233A224}
		{81DCF5A3-2087-4816-9A83-BC70DA0AA595} = {DE647017-0D18-4CB2-A766-24FA0233A224}
		{530F3E31-C20A-485C-B10F-37588D8BCD46} = {2C5C7373-1F30-43A2-830C-978669980EF5}
		{3F728AF6-D46A-4B52-8E31-93DA96278818} = {2C5C7373-1F30-43A2-830C-978669980EF5}
		{96AF6EF9-155F-4C35-97EC-7CC68272714A} = {2C5C7373-1F30-43A2-830C-978669980EF5}
		{E2242978-9B77-4DC8-9301-B955F75E09D3} = {B628AB72-D76E-4D7B-8D60-1926FDC27122}
		{EA6EFDB2-2E02-401C-92A9-5C7082F9EB0E} = {B628AB72-D76E-4D7B-8D60-1926FDC27122}
		{22ABE847-2763-454A-8859-A854CD60A3E6} = {B628AB72-D76E-4D7B-8D60-1926FDC27122}
	EndGlobalSection
	GlobalSection(ExtensibilityGlobals) = postSolution
		SolutionGuid = {B7ACD6EB-88A2-498B-8A43-3AF0F1F3DAC2}
	EndGlobalSection
EndGlobal
